// !$*UTF8*$!
{
	archiveVersion = 1;
	classes = {
	};
	objectVersion = 50;
	objects = {

/* Begin PBXBuildFile section */
		5812B96922E4872700FE5793 /* bg8.jpg in Resources */ = {isa = PBXBuildFile; fileRef = 5812B96022E4872600FE5793 /* bg8.jpg */; };
		5812B96A22E4872700FE5793 /* bg0.jpg in Resources */ = {isa = PBXBuildFile; fileRef = 5812B96122E4872600FE5793 /* bg0.jpg */; };
		5812B96B22E4872700FE5793 /* bg6.jpg in Resources */ = {isa = PBXBuildFile; fileRef = 5812B96222E4872700FE5793 /* bg6.jpg */; };
		5812B96C22E4872700FE5793 /* bg3.jpg in Resources */ = {isa = PBXBuildFile; fileRef = 5812B96322E4872700FE5793 /* bg3.jpg */; };
		5812B96D22E4872700FE5793 /* bg4.jpg in Resources */ = {isa = PBXBuildFile; fileRef = 5812B96422E4872700FE5793 /* bg4.jpg */; };
		5812B96E22E4872700FE5793 /* bg2.jpg in Resources */ = {isa = PBXBuildFile; fileRef = 5812B96522E4872700FE5793 /* bg2.jpg */; };
		5812B96F22E4872700FE5793 /* bg1.jpg in Resources */ = {isa = PBXBuildFile; fileRef = 5812B96622E4872700FE5793 /* bg1.jpg */; };
		5812B97022E4872700FE5793 /* bg7.jpg in Resources */ = {isa = PBXBuildFile; fileRef = 5812B96722E4872700FE5793 /* bg7.jpg */; };
		5812B97122E4872700FE5793 /* bg5.jpg in Resources */ = {isa = PBXBuildFile; fileRef = 5812B96822E4872700FE5793 /* bg5.jpg */; };
		5812B97322E494B400FE5793 /* CategoriesController.swift in Sources */ = {isa = PBXBuildFile; fileRef = 5812B97222E494B400FE5793 /* CategoriesController.swift */; };
		585011CE22E303F40074E90E /* AppDelegate.swift in Sources */ = {isa = PBXBuildFile; fileRef = 585011CD22E303F40074E90E /* AppDelegate.swift */; };
		585011D022E303F40074E90E /* ViewController.swift in Sources */ = {isa = PBXBuildFile; fileRef = 585011CF22E303F40074E90E /* ViewController.swift */; };
		585011D322E303F40074E90E /* Main.storyboard in Resources */ = {isa = PBXBuildFile; fileRef = 585011D122E303F40074E90E /* Main.storyboard */; };
		585011D522E303F40074E90E /* Assets.xcassets in Resources */ = {isa = PBXBuildFile; fileRef = 585011D422E303F40074E90E /* Assets.xcassets */; };
		585011D822E303F50074E90E /* LaunchScreen.storyboard in Resources */ = {isa = PBXBuildFile; fileRef = 585011D622E303F40074E90E /* LaunchScreen.storyboard */; };
		5858440D22E4A2CC009CCBD7 /* 24_setting.png in Resources */ = {isa = PBXBuildFile; fileRef = 5858440B22E4A2CC009CCBD7 /* 24_setting.png */; };
		5858440E22E4A2CC009CCBD7 /* 24_setting_1.png in Resources */ = {isa = PBXBuildFile; fileRef = 5858440C22E4A2CC009CCBD7 /* 24_setting_1.png */; };
		5858441022E4AE38009CCBD7 /* 24_list.png in Resources */ = {isa = PBXBuildFile; fileRef = 5858440F22E4AE38009CCBD7 /* 24_list.png */; };
		5858441322E4BAD9009CCBD7 /* DataQuotes.swift in Sources */ = {isa = PBXBuildFile; fileRef = 5858441222E4BAD9009CCBD7 /* DataQuotes.swift */; };
		5858442522E4D81C009CCBD7 /* 256_encourage-76.png in Resources */ = {isa = PBXBuildFile; fileRef = 5858441622E4D81C009CCBD7 /* 256_encourage-76.png */; };
		5858442622E4D81C009CCBD7 /* 256_encourage-60@3x.png in Resources */ = {isa = PBXBuildFile; fileRef = 5858441722E4D81C009CCBD7 /* 256_encourage-60@3x.png */; };
		5858442722E4D81C009CCBD7 /* 256_encourage-83.5@2x.png in Resources */ = {isa = PBXBuildFile; fileRef = 5858441822E4D81C009CCBD7 /* 256_encourage-83.5@2x.png */; };
		5858442822E4D81C009CCBD7 /* 256_encourage-60@2x.png in Resources */ = {isa = PBXBuildFile; fileRef = 5858441922E4D81C009CCBD7 /* 256_encourage-60@2x.png */; };
		5858442922E4D81C009CCBD7 /* 256_encourage-76@2x.png in Resources */ = {isa = PBXBuildFile; fileRef = 5858441A22E4D81C009CCBD7 /* 256_encourage-76@2x.png */; };
		5858442A22E4D81C009CCBD7 /* 256_encourage-29.png in Resources */ = {isa = PBXBuildFile; fileRef = 5858441B22E4D81C009CCBD7 /* 256_encourage-29.png */; };
		5858442B22E4D81C009CCBD7 /* 256_encourage-40.png in Resources */ = {isa = PBXBuildFile; fileRef = 5858441C22E4D81C009CCBD7 /* 256_encourage-40.png */; };
		5858442C22E4D81C009CCBD7 /* 256_encourage-29@3x.png in Resources */ = {isa = PBXBuildFile; fileRef = 5858441D22E4D81C009CCBD7 /* 256_encourage-29@3x.png */; };
		5858442D22E4D81C009CCBD7 /* 256_encourage-1024.png in Resources */ = {isa = PBXBuildFile; fileRef = 5858441E22E4D81C009CCBD7 /* 256_encourage-1024.png */; };
		5858442E22E4D81C009CCBD7 /* 256_encourage-40@2x.png in Resources */ = {isa = PBXBuildFile; fileRef = 5858441F22E4D81C009CCBD7 /* 256_encourage-40@2x.png */; };
		5858442F22E4D81C009CCBD7 /* 256_encourage-29@2x.png in Resources */ = {isa = PBXBuildFile; fileRef = 5858442022E4D81C009CCBD7 /* 256_encourage-29@2x.png */; };
		5858443022E4D81C009CCBD7 /* 256_encourage-20@2x.png in Resources */ = {isa = PBXBuildFile; fileRef = 5858442122E4D81C009CCBD7 /* 256_encourage-20@2x.png */; };
		5858443122E4D81C009CCBD7 /* 256_encourage-20.png in Resources */ = {isa = PBXBuildFile; fileRef = 5858442222E4D81C009CCBD7 /* 256_encourage-20.png */; };
		5858443222E4D81C009CCBD7 /* 256_encourage-20@3x.png in Resources */ = {isa = PBXBuildFile; fileRef = 5858442322E4D81C009CCBD7 /* 256_encourage-20@3x.png */; };
		5858443322E4D81C009CCBD7 /* 256_encourage-40@3x.png in Resources */ = {isa = PBXBuildFile; fileRef = 5858442422E4D81C009CCBD7 /* 256_encourage-40@3x.png */; };
/* End PBXBuildFile section */

/* Begin PBXFileReference section */
		5812B96022E4872600FE5793 /* bg8.jpg */ = {isa = PBXFileReference; lastKnownFileType = image.jpeg; name = bg8.jpg; path = "../../../../Desktop/Images/Encourages-App/bg8.jpg"; sourceTree = "<group>"; };
		5812B96122E4872600FE5793 /* bg0.jpg */ = {isa = PBXFileReference; lastKnownFileType = image.jpeg; name = bg0.jpg; path = "../../../../Desktop/Images/Encourages-App/bg0.jpg"; sourceTree = "<group>"; };
		5812B96222E4872700FE5793 /* bg6.jpg */ = {isa = PBXFileReference; lastKnownFileType = image.jpeg; name = bg6.jpg; path = "../../../../Desktop/Images/Encourages-App/bg6.jpg"; sourceTree = "<group>"; };
		5812B96322E4872700FE5793 /* bg3.jpg */ = {isa = PBXFileReference; lastKnownFileType = image.jpeg; name = bg3.jpg; path = "../../../../Desktop/Images/Encourages-App/bg3.jpg"; sourceTree = "<group>"; };
		5812B96422E4872700FE5793 /* bg4.jpg */ = {isa = PBXFileReference; lastKnownFileType = image.jpeg; name = bg4.jpg; path = "../../../../Desktop/Images/Encourages-App/bg4.jpg"; sourceTree = "<group>"; };
		5812B96522E4872700FE5793 /* bg2.jpg */ = {isa = PBXFileReference; lastKnownFileType = image.jpeg; name = bg2.jpg; path = "../../../../Desktop/Images/Encourages-App/bg2.jpg"; sourceTree = "<group>"; };
		5812B96622E4872700FE5793 /* bg1.jpg */ = {isa = PBXFileReference; lastKnownFileType = image.jpeg; name = bg1.jpg; path = "../../../../Desktop/Images/Encourages-App/bg1.jpg"; sourceTree = "<group>"; };
		5812B96722E4872700FE5793 /* bg7.jpg */ = {isa = PBXFileReference; lastKnownFileType = image.jpeg; name = bg7.jpg; path = "../../../../Desktop/Images/Encourages-App/bg7.jpg"; sourceTree = "<group>"; };
		5812B96822E4872700FE5793 /* bg5.jpg */ = {isa = PBXFileReference; lastKnownFileType = image.jpeg; name = bg5.jpg; path = "../../../../Desktop/Images/Encourages-App/bg5.jpg"; sourceTree = "<group>"; };
		5812B97222E494B400FE5793 /* CategoriesController.swift */ = {isa = PBXFileReference; lastKnownFileType = sourcecode.swift; path = CategoriesController.swift; sourceTree = "<group>"; };
		585011CA22E303F40074E90E /* EncourageHappy.app */ = {isa = PBXFileReference; explicitFileType = wrapper.application; includeInIndex = 0; path = EncourageHappy.app; sourceTree = BUILT_PRODUCTS_DIR; };
		585011CD22E303F40074E90E /* AppDelegate.swift */ = {isa = PBXFileReference; lastKnownFileType = sourcecode.swift; path = AppDelegate.swift; sourceTree = "<group>"; };
		585011CF22E303F40074E90E /* ViewController.swift */ = {isa = PBXFileReference; lastKnownFileType = sourcecode.swift; path = ViewController.swift; sourceTree = "<group>"; };
		585011D222E303F40074E90E /* Base */ = {isa = PBXFileReference; lastKnownFileType = file.storyboard; name = Base; path = Base.lproj/Main.storyboard; sourceTree = "<group>"; };
		585011D422E303F40074E90E /* Assets.xcassets */ = {isa = PBXFileReference; lastKnownFileType = folder.assetcatalog; path = Assets.xcassets; sourceTree = "<group>"; };
		585011D722E303F40074E90E /* Base */ = {isa = PBXFileReference; lastKnownFileType = file.storyboard; name = Base; path = Base.lproj/LaunchScreen.storyboard; sourceTree = "<group>"; };
		585011D922E303F50074E90E /* Info.plist */ = {isa = PBXFileReference; lastKnownFileType = text.plist.xml; path = Info.plist; sourceTree = "<group>"; };
		5858440B22E4A2CC009CCBD7 /* 24_setting.png */ = {isa = PBXFileReference; lastKnownFileType = image.png; path = 24_setting.png; sourceTree = "<group>"; };
		5858440C22E4A2CC009CCBD7 /* 24_setting_1.png */ = {isa = PBXFileReference; lastKnownFileType = image.png; path = 24_setting_1.png; sourceTree = "<group>"; };
		5858440F22E4AE38009CCBD7 /* 24_list.png */ = {isa = PBXFileReference; lastKnownFileType = image.png; path = 24_list.png; sourceTree = "<group>"; };
		5858441222E4BAD9009CCBD7 /* DataQuotes.swift */ = {isa = PBXFileReference; lastKnownFileType = sourcecode.swift; path = DataQuotes.swift; sourceTree = "<group>"; };
		5858441622E4D81C009CCBD7 /* 256_encourage-76.png */ = {isa = PBXFileReference; lastKnownFileType = image.png; path = "256_encourage-76.png"; sourceTree = "<group>"; };
		5858441722E4D81C009CCBD7 /* 256_encourage-60@3x.png */ = {isa = PBXFileReference; lastKnownFileType = image.png; path = "256_encourage-60@3x.png"; sourceTree = "<group>"; };
		5858441822E4D81C009CCBD7 /* 256_encourage-83.5@2x.png */ = {isa = PBXFileReference; lastKnownFileType = image.png; path = "256_encourage-83.5@2x.png"; sourceTree = "<group>"; };
		5858441922E4D81C009CCBD7 /* 256_encourage-60@2x.png */ = {isa = PBXFileReference; lastKnownFileType = image.png; name = "256_encourage-60@2x.png"; path = "../../../../Desktop/Images/iOS/AppIcon.appiconset/256_encourage-60@2x.png"; sourceTree = "<group>"; };
		5858441A22E4D81C009CCBD7 /* 256_encourage-76@2x.png */ = {isa = PBXFileReference; lastKnownFileType = image.png; path = "256_encourage-76@2x.png"; sourceTree = "<group>"; };
		5858441B22E4D81C009CCBD7 /* 256_encourage-29.png */ = {isa = PBXFileReference; lastKnownFileType = image.png; path = "256_encourage-29.png"; sourceTree = "<group>"; };
		5858441C22E4D81C009CCBD7 /* 256_encourage-40.png */ = {isa = PBXFileReference; lastKnownFileType = image.png; path = "256_encourage-40.png"; sourceTree = "<group>"; };
		5858441D22E4D81C009CCBD7 /* 256_encourage-29@3x.png */ = {isa = PBXFileReference; lastKnownFileType = image.png; path = "256_encourage-29@3x.png"; sourceTree = "<group>"; };
		5858441E22E4D81C009CCBD7 /* 256_encourage-1024.png */ = {isa = PBXFileReference; lastKnownFileType = image.png; path = "256_encourage-1024.png"; sourceTree = "<group>"; };
		5858441F22E4D81C009CCBD7 /* 256_encourage-40@2x.png */ = {isa = PBXFileReference; lastKnownFileType = image.png; path = "256_encourage-40@2x.png"; sourceTree = "<group>"; };
		5858442022E4D81C009CCBD7 /* 256_encourage-29@2x.png */ = {isa = PBXFileReference; lastKnownFileType = image.png; path = "256_encourage-29@2x.png"; sourceTree = "<group>"; };
		5858442122E4D81C009CCBD7 /* 256_encourage-20@2x.png */ = {isa = PBXFileReference; lastKnownFileType = image.png; path = "256_encourage-20@2x.png"; sourceTree = "<group>"; };
		5858442222E4D81C009CCBD7 /* 256_encourage-20.png */ = {isa = PBXFileReference; lastKnownFileType = image.png; path = "256_encourage-20.png"; sourceTree = "<group>"; };
		5858442322E4D81C009CCBD7 /* 256_encourage-20@3x.png */ = {isa = PBXFileReference; lastKnownFileType = image.png; path = "256_encourage-20@3x.png"; sourceTree = "<group>"; };
		5858442422E4D81C009CCBD7 /* 256_encourage-40@3x.png */ = {isa = PBXFileReference; lastKnownFileType = image.png; path = "256_encourage-40@3x.png"; sourceTree = "<group>"; };
/* End PBXFileReference section */

/* Begin PBXFrameworksBuildPhase section */
		585011C722E303F40074E90E /* Frameworks */ = {
			isa = PBXFrameworksBuildPhase;
			buildActionMask = 2147483647;
			files = (
			);
			runOnlyForDeploymentPostprocessing = 0;
		};
/* End PBXFrameworksBuildPhase section */

/* Begin PBXGroup section */
		5812B95F22E4853600FE5793 /* Images */ = {
			isa = PBXGroup;
			children = (
				5812B96122E4872600FE5793 /* bg0.jpg */,
				5812B96622E4872700FE5793 /* bg1.jpg */,
				5812B96522E4872700FE5793 /* bg2.jpg */,
				5812B96322E4872700FE5793 /* bg3.jpg */,
				5812B96422E4872700FE5793 /* bg4.jpg */,
				5812B96822E4872700FE5793 /* bg5.jpg */,
				5812B96222E4872700FE5793 /* bg6.jpg */,
				5812B96722E4872700FE5793 /* bg7.jpg */,
				5812B96022E4872600FE5793 /* bg8.jpg */,
			);
			path = Images;
			sourceTree = "<group>";
		};
		585011C122E303F40074E90E = {
			isa = PBXGroup;
			children = (
				585011CC22E303F40074E90E /* EncourageHappy */,
				585011CB22E303F40074E90E /* Products */,
			);
			sourceTree = "<group>";
		};
		585011CB22E303F40074E90E /* Products */ = {
			isa = PBXGroup;
			children = (
				585011CA22E303F40074E90E /* EncourageHappy.app */,
			);
			name = Products;
			sourceTree = "<group>";
		};
		585011CC22E303F40074E90E /* EncourageHappy */ = {
			isa = PBXGroup;
			children = (
				5858441122E4BA92009CCBD7 /* DataHelper */,
				5858440A22E4A2B0009CCBD7 /* Icons */,
				5812B95F22E4853600FE5793 /* Images */,
				585011CD22E303F40074E90E /* AppDelegate.swift */,
				585011CF22E303F40074E90E /* ViewController.swift */,
				585011D122E303F40074E90E /* Main.storyboard */,
				585011D422E303F40074E90E /* Assets.xcassets */,
				585011D622E303F40074E90E /* LaunchScreen.storyboard */,
				585011D922E303F50074E90E /* Info.plist */,
				5812B97222E494B400FE5793 /* CategoriesController.swift */,
			);
			path = EncourageHappy;
			sourceTree = "<group>";
		};
		5858440A22E4A2B0009CCBD7 /* Icons */ = {
			isa = PBXGroup;
			children = (
				5858442222E4D81C009CCBD7 /* 256_encourage-20.png */,
				5858442122E4D81C009CCBD7 /* 256_encourage-20@2x.png */,
				5858442322E4D81C009CCBD7 /* 256_encourage-20@3x.png */,
				5858441B22E4D81C009CCBD7 /* 256_encourage-29.png */,
				5858442022E4D81C009CCBD7 /* 256_encourage-29@2x.png */,
				5858441D22E4D81C009CCBD7 /* 256_encourage-29@3x.png */,
				5858441C22E4D81C009CCBD7 /* 256_encourage-40.png */,
				5858441F22E4D81C009CCBD7 /* 256_encourage-40@2x.png */,
				5858442422E4D81C009CCBD7 /* 256_encourage-40@3x.png */,
				5858441922E4D81C009CCBD7 /* 256_encourage-60@2x.png */,
				5858441722E4D81C009CCBD7 /* 256_encourage-60@3x.png */,
				5858441622E4D81C009CCBD7 /* 256_encourage-76.png */,
				5858441A22E4D81C009CCBD7 /* 256_encourage-76@2x.png */,
				5858441822E4D81C009CCBD7 /* 256_encourage-83.5@2x.png */,
				5858441E22E4D81C009CCBD7 /* 256_encourage-1024.png */,
				5858440F22E4AE38009CCBD7 /* 24_list.png */,
				5858440C22E4A2CC009CCBD7 /* 24_setting_1.png */,
				5858440B22E4A2CC009CCBD7 /* 24_setting.png */,
			);
			path = Icons;
			sourceTree = "<group>";
		};
		5858441122E4BA92009CCBD7 /* DataHelper */ = {
			isa = PBXGroup;
			children = (
				5858441222E4BAD9009CCBD7 /* DataQuotes.swift */,
			);
			path = DataHelper;
			sourceTree = "<group>";
		};
/* End PBXGroup section */

/* Begin PBXNativeTarget section */
		585011C922E303F40074E90E /* EncourageHappy */ = {
			isa = PBXNativeTarget;
			buildConfigurationList = 585011DC22E303F50074E90E /* Build configuration list for PBXNativeTarget "EncourageHappy" */;
			buildPhases = (
				585011C622E303F40074E90E /* Sources */,
				585011C722E303F40074E90E /* Frameworks */,
				585011C822E303F40074E90E /* Resources */,
			);
			buildRules = (
			);
			dependencies = (
			);
			name = EncourageHappy;
			productName = EncourageHappy;
			productReference = 585011CA22E303F40074E90E /* EncourageHappy.app */;
			productType = "com.apple.product-type.application";
		};
/* End PBXNativeTarget section */

/* Begin PBXProject section */
		585011C222E303F40074E90E /* Project object */ = {
			isa = PBXProject;
			attributes = {
				LastSwiftUpdateCheck = 1020;
				LastUpgradeCheck = 1020;
				ORGANIZATIONNAME = "Nguyễn Lực";
				TargetAttributes = {
					585011C922E303F40074E90E = {
						CreatedOnToolsVersion = 10.2.1;
					};
				};
			};
			buildConfigurationList = 585011C522E303F40074E90E /* Build configuration list for PBXProject "EncourageHappy" */;
			compatibilityVersion = "Xcode 9.3";
			developmentRegion = en;
			hasScannedForEncodings = 0;
			knownRegions = (
				en,
				Base,
			);
			mainGroup = 585011C122E303F40074E90E;
			productRefGroup = 585011CB22E303F40074E90E /* Products */;
			projectDirPath = "";
			projectRoot = "";
			targets = (
				585011C922E303F40074E90E /* EncourageHappy */,
			);
		};
/* End PBXProject section */

/* Begin PBXResourcesBuildPhase section */
		585011C822E303F40074E90E /* Resources */ = {
			isa = PBXResourcesBuildPhase;
			buildActionMask = 2147483647;
			files = (
				5858443022E4D81C009CCBD7 /* 256_encourage-20@2x.png in Resources */,
				5858443222E4D81C009CCBD7 /* 256_encourage-20@3x.png in Resources */,
				5812B97122E4872700FE5793 /* bg5.jpg in Resources */,
				5858442722E4D81C009CCBD7 /* 256_encourage-83.5@2x.png in Resources */,
				5858442E22E4D81C009CCBD7 /* 256_encourage-40@2x.png in Resources */,
				5858441022E4AE38009CCBD7 /* 24_list.png in Resources */,
				5812B96E22E4872700FE5793 /* bg2.jpg in Resources */,
				5858442622E4D81C009CCBD7 /* 256_encourage-60@3x.png in Resources */,
				5858440E22E4A2CC009CCBD7 /* 24_setting_1.png in Resources */,
				5858443322E4D81C009CCBD7 /* 256_encourage-40@3x.png in Resources */,
				5812B96A22E4872700FE5793 /* bg0.jpg in Resources */,
				585011D822E303F50074E90E /* LaunchScreen.storyboard in Resources */,
				5812B96C22E4872700FE5793 /* bg3.jpg in Resources */,
				5812B96F22E4872700FE5793 /* bg1.jpg in Resources */,
				5858442522E4D81C009CCBD7 /* 256_encourage-76.png in Resources */,
				5858442D22E4D81C009CCBD7 /* 256_encourage-1024.png in Resources */,
				5858440D22E4A2CC009CCBD7 /* 24_setting.png in Resources */,
				5858442822E4D81C009CCBD7 /* 256_encourage-60@2x.png in Resources */,
				5812B97022E4872700FE5793 /* bg7.jpg in Resources */,
				5812B96D22E4872700FE5793 /* bg4.jpg in Resources */,
				5858442922E4D81C009CCBD7 /* 256_encourage-76@2x.png in Resources */,
				585011D522E303F40074E90E /* Assets.xcassets in Resources */,
				5858443122E4D81C009CCBD7 /* 256_encourage-20.png in Resources */,
				5858442F22E4D81C009CCBD7 /* 256_encourage-29@2x.png in Resources */,
				5858442C22E4D81C009CCBD7 /* 256_encourage-29@3x.png in Resources */,
				5858442A22E4D81C009CCBD7 /* 256_encourage-29.png in Resources */,
				5812B96B22E4872700FE5793 /* bg6.jpg in Resources */,
				5858442B22E4D81C009CCBD7 /* 256_encourage-40.png in Resources */,
				585011D322E303F40074E90E /* Main.storyboard in Resources */,
				5812B96922E4872700FE5793 /* bg8.jpg in Resources */,
			);
			runOnlyForDeploymentPostprocessing = 0;
		};
/* End PBXResourcesBuildPhase section */

/* Begin PBXSourcesBuildPhase section */
		585011C622E303F40074E90E /* Sources */ = {
			isa = PBXSourcesBuildPhase;
			buildActionMask = 2147483647;
			files = (
				5812B97322E494B400FE5793 /* CategoriesController.swift in Sources */,
				585011D022E303F40074E90E /* ViewController.swift in Sources */,
				5858441322E4BAD9009CCBD7 /* DataQuotes.swift in Sources */,
				585011CE22E303F40074E90E /* AppDelegate.swift in Sources */,
			);
			runOnlyForDeploymentPostprocessing = 0;
		};
/* End PBXSourcesBuildPhase section */

/* Begin PBXVariantGroup section */
		585011D122E303F40074E90E /* Main.storyboard */ = {
			isa = PBXVariantGroup;
			children = (
				585011D222E303F40074E90E /* Base */,
			);
			name = Main.storyboard;
			sourceTree = "<group>";
		};
		585011D622E303F40074E90E /* LaunchScreen.storyboard */ = {
			isa = PBXVariantGroup;
			children = (
				585011D722E303F40074E90E /* Base */,
			);
			name = LaunchScreen.storyboard;
			sourceTree = "<group>";
		};
/* End PBXVariantGroup section */

/* Begin XCBuildConfiguration section */
		585011DA22E303F50074E90E /* Debug */ = {
			isa = XCBuildConfiguration;
			buildSettings = {
				ALWAYS_SEARCH_USER_PATHS = NO;
				CLANG_ANALYZER_NONNULL = YES;
				CLANG_ANALYZER_NUMBER_OBJECT_CONVERSION = YES_AGGRESSIVE;
				CLANG_CXX_LANGUAGE_STANDARD = "gnu++14";
				CLANG_CXX_LIBRARY = "libc++";
				CLANG_ENABLE_MODULES = YES;
				CLANG_ENABLE_OBJC_ARC = YES;
				CLANG_ENABLE_OBJC_WEAK = YES;
				CLANG_WARN_BLOCK_CAPTURE_AUTORELEASING = YES;
				CLANG_WARN_BOOL_CONVERSION = YES;
				CLANG_WARN_COMMA = YES;
				CLANG_WARN_CONSTANT_CONVERSION = YES;
				CLANG_WARN_DEPRECATED_OBJC_IMPLEMENTATIONS = YES;
				CLANG_WARN_DIRECT_OBJC_ISA_USAGE = YES_ERROR;
				CLANG_WARN_DOCUMENTATION_COMMENTS = YES;
				CLANG_WARN_EMPTY_BODY = YES;
				CLANG_WARN_ENUM_CONVERSION = YES;
				CLANG_WARN_INFINITE_RECURSION = YES;
				CLANG_WARN_INT_CONVERSION = YES;
				CLANG_WARN_NON_LITERAL_NULL_CONVERSION = YES;
				CLANG_WARN_OBJC_IMPLICIT_RETAIN_SELF = YES;
				CLANG_WARN_OBJC_LITERAL_CONVERSION = YES;
				CLANG_WARN_OBJC_ROOT_CLASS = YES_ERROR;
				CLANG_WARN_RANGE_LOOP_ANALYSIS = YES;
				CLANG_WARN_STRICT_PROTOTYPES = YES;
				CLANG_WARN_SUSPICIOUS_MOVE = YES;
				CLANG_WARN_UNGUARDED_AVAILABILITY = YES_AGGRESSIVE;
				CLANG_WARN_UNREACHABLE_CODE = YES;
				CLANG_WARN__DUPLICATE_METHOD_MATCH = YES;
				CODE_SIGN_IDENTITY = "iPhone Developer";
				COPY_PHASE_STRIP = NO;
				DEBUG_INFORMATION_FORMAT = dwarf;
				ENABLE_STRICT_OBJC_MSGSEND = YES;
				ENABLE_TESTABILITY = YES;
				GCC_C_LANGUAGE_STANDARD = gnu11;
				GCC_DYNAMIC_NO_PIC = NO;
				GCC_NO_COMMON_BLOCKS = YES;
				GCC_OPTIMIZATION_LEVEL = 0;
				GCC_PREPROCESSOR_DEFINITIONS = (
					"DEBUG=1",
					"$(inherited)",
				);
				GCC_WARN_64_TO_32_BIT_CONVERSION = YES;
				GCC_WARN_ABOUT_RETURN_TYPE = YES_ERROR;
				GCC_WARN_UNDECLARED_SELECTOR = YES;
				GCC_WARN_UNINITIALIZED_AUTOS = YES_AGGRESSIVE;
				GCC_WARN_UNUSED_FUNCTION = YES;
				GCC_WARN_UNUSED_VARIABLE = YES;
				IPHONEOS_DEPLOYMENT_TARGET = 12.2;
				MTL_ENABLE_DEBUG_INFO = INCLUDE_SOURCE;
				MTL_FAST_MATH = YES;
				ONLY_ACTIVE_ARCH = YES;
				SDKROOT = iphoneos;
				SWIFT_ACTIVE_COMPILATION_CONDITIONS = DEBUG;
				SWIFT_OPTIMIZATION_LEVEL = "-Onone";
			};
			name = Debug;
		};
		585011DB22E303F50074E90E /* Release */ = {
			isa = XCBuildConfiguration;
			buildSettings = {
				ALWAYS_SEARCH_USER_PATHS = NO;
				CLANG_ANALYZER_NONNULL = YES;
				CLANG_ANALYZER_NUMBER_OBJECT_CONVERSION = YES_AGGRESSIVE;
				CLANG_CXX_LANGUAGE_STANDARD = "gnu++14";
				CLANG_CXX_LIBRARY = "libc++";
				CLANG_ENABLE_MODULES = YES;
				CLANG_ENABLE_OBJC_ARC = YES;
				CLANG_ENABLE_OBJC_WEAK = YES;
				CLANG_WARN_BLOCK_CAPTURE_AUTORELEASING = YES;
				CLANG_WARN_BOOL_CONVERSION = YES;
				CLANG_WARN_COMMA = YES;
				CLANG_WARN_CONSTANT_CONVERSION = YES;
				CLANG_WARN_DEPRECATED_OBJC_IMPLEMENTATIONS = YES;
				CLANG_WARN_DIRECT_OBJC_ISA_USAGE = YES_ERROR;
				CLANG_WARN_DOCUMENTATION_COMMENTS = YES;
				CLANG_WARN_EMPTY_BODY = YES;
				CLANG_WARN_ENUM_CONVERSION = YES;
				CLANG_WARN_INFINITE_RECURSION = YES;
				CLANG_WARN_INT_CONVERSION = YES;
				CLANG_WARN_NON_LITERAL_NULL_CONVERSION = YES;
				CLANG_WARN_OBJC_IMPLICIT_RETAIN_SELF = YES;
				CLANG_WARN_OBJC_LITERAL_CONVERSION = YES;
				CLANG_WARN_OBJC_ROOT_CLASS = YES_ERROR;
				CLANG_WARN_RANGE_LOOP_ANALYSIS = YES;
				CLANG_WARN_STRICT_PROTOTYPES = YES;
				CLANG_WARN_SUSPICIOUS_MOVE = YES;
				CLANG_WARN_UNGUARDED_AVAILABILITY = YES_AGGRESSIVE;
				CLANG_WARN_UNREACHABLE_CODE = YES;
				CLANG_WARN__DUPLICATE_METHOD_MATCH = YES;
				CODE_SIGN_IDENTITY = "iPhone Developer";
				COPY_PHASE_STRIP = NO;
				DEBUG_INFORMATION_FORMAT = "dwarf-with-dsym";
				ENABLE_NS_ASSERTIONS = NO;
				ENABLE_STRICT_OBJC_MSGSEND = YES;
				GCC_C_LANGUAGE_STANDARD = gnu11;
				GCC_NO_COMMON_BLOCKS = YES;
				GCC_WARN_64_TO_32_BIT_CONVERSION = YES;
				GCC_WARN_ABOUT_RETURN_TYPE = YES_ERROR;
				GCC_WARN_UNDECLARED_SELECTOR = YES;
				GCC_WARN_UNINITIALIZED_AUTOS = YES_AGGRESSIVE;
				GCC_WARN_UNUSED_FUNCTION = YES;
				GCC_WARN_UNUSED_VARIABLE = YES;
				IPHONEOS_DEPLOYMENT_TARGET = 12.2;
				MTL_ENABLE_DEBUG_INFO = NO;
				MTL_FAST_MATH = YES;
				SDKROOT = iphoneos;
				SWIFT_COMPILATION_MODE = wholemodule;
				SWIFT_OPTIMIZATION_LEVEL = "-O";
				VALIDATE_PRODUCT = YES;
			};
			name = Release;
		};
		585011DD22E303F50074E90E /* Debug */ = {
			isa = XCBuildConfiguration;
			buildSettings = {
				ASSETCATALOG_COMPILER_APPICON_NAME = AppIcon;
				CODE_SIGN_STYLE = Automatic;
				DEVELOPMENT_TEAM = 78KJ4VW88C;
				INFOPLIST_FILE = EncourageHappy/Info.plist;
				LD_RUNPATH_SEARCH_PATHS = (
					"$(inherited)",
					"@executable_path/Frameworks",
				);
				PRODUCT_BUNDLE_IDENTIFIER = matkinhig.EncourageHappy;
				PRODUCT_NAME = "$(TARGET_NAME)";
				SWIFT_VERSION = 4.0;
				TARGETED_DEVICE_FAMILY = "1,2";
			};
			name = Debug;
		};
		585011DE22E303F50074E90E /* Release */ = {
			isa = XCBuildConfiguration;
			buildSettings = {
				ASSETCATALOG_COMPILER_APPICON_NAME = AppIcon;
				CODE_SIGN_STYLE = Automatic;
				DEVELOPMENT_TEAM = 78KJ4VW88C;
				INFOPLIST_FILE = EncourageHappy/Info.plist;
				LD_RUNPATH_SEARCH_PATHS = (
					"$(inherited)",
					"@executable_path/Frameworks",
				);
				PRODUCT_BUNDLE_IDENTIFIER = matkinhig.EncourageHappy;
				PRODUCT_NAME = "$(TARGET_NAME)";
				SWIFT_VERSION = 4.0;
				TARGETED_DEVICE_FAMILY = "1,2";
			};
			name = Release;
		};
/* End XCBuildConfiguration section */

/* Begin XCConfigurationList section */
		585011C522E303F40074E90E /* Build configuration list for PBXProject "EncourageHappy" */ = {
			isa = XCConfigurationList;
			buildConfigurations = (
				585011DA22E303F50074E90E /* Debug */,
				585011DB22E303F50074E90E /* Release */,
			);
			defaultConfigurationIsVisible = 0;
			defaultConfigurationName = Release;
		};
		585011DC22E303F50074E90E /* Build configuration list for PBXNativeTarget "EncourageHappy" */ = {
			isa = XCConfigurationList;
			buildConfigurations = (
				585011DD22E303F50074E90E /* Debug */,
				585011DE22E303F50074E90E /* Release */,
			);
			defaultConfigurationIsVisible = 0;
			defaultConfigurationName = Release;
		};
/* End XCConfigurationList section */
	};
	rootObject = 585011C222E303F40074E90E /* Project object */;
}
